
Microsoft Visual Studio Solution File, Format Version 12.00
# Visual Studio Version 17
VisualStudioVersion = 17.0.32112.339
MinimumVisualStudioVersion = 10.0.40219.1
Project("{9A19103F-16F7-4668-BE54-9A1E7A4F7556}") = "CommandPattern", "CommandPattern\CommandPattern.csproj", "{B2153258-2B25-4956-827F-1E444F5AF5C4}"
EndProject
Project("{9A19103F-16F7-4668-BE54-9A1E7A4F7556}") = "StrategyPattern", "StrategyPattern\StrategyPattern.csproj", "{44A19701-F5C7-4B1E-854F-755729371750}"
EndProject
Project("{9A19103F-16F7-4668-BE54-9A1E7A4F7556}") = "StatePattern", "StatePattern\StatePattern.csproj", "{B98FE59C-725F-4E16-B1E1-2B3041D7056B}"
EndProject
Project("{9A19103F-16F7-4668-BE54-9A1E7A4F7556}") = "SimpleFactory", "SimpleFactory\SimpleFactory.csproj", "{37ADD06C-A7B5-4C6C-8109-121D198B39A7}"
EndProject
Project("{9A19103F-16F7-4668-BE54-9A1E7A4F7556}") = "Singleton", "Singleton\Singleton.csproj", "{33311934-D52F-4345-83E1-ACEBA05A820A}"
EndProject
Project("{9A19103F-16F7-4668-BE54-9A1E7A4F7556}") = "ObserverPattern", "ObserverPattern\ObserverPattern.csproj", "{C75F8DDD-F11E-4160-8E53-F3E7A367BC08}"
EndProject
Project("{FAE04EC0-301F-11D3-BF4B-00C04F79EFBC}") = "DecoratorPattern", "DecoratorPattern\DecoratorPattern.csproj", "{5CDE0F2B-4ED9-4356-805B-3D8CE535D528}"
EndProject
Global
	GlobalSection(SolutionConfigurationPlatforms) = preSolution
		Debug|Any CPU = Debug|Any CPU
		Release|Any CPU = Release|Any CPU
	EndGlobalSection
	GlobalSection(ProjectConfigurationPlatforms) = postSolution
		{B2153258-2B25-4956-827F-1E444F5AF5C4}.Debug|Any CPU.ActiveCfg = Debug|Any CPU
		{B2153258-2B25-4956-827F-1E444F5AF5C4}.Debug|Any CPU.Build.0 = Debug|Any CPU
		{B2153258-2B25-4956-827F-1E444F5AF5C4}.Release|Any CPU.ActiveCfg = Release|Any CPU
		{B2153258-2B25-4956-827F-1E444F5AF5C4}.Release|Any CPU.Build.0 = Release|Any CPU
		{44A19701-F5C7-4B1E-854F-755729371750}.Debug|Any CPU.ActiveCfg = Debug|Any CPU
		{44A19701-F5C7-4B1E-854F-755729371750}.Debug|Any CPU.Build.0 = Debug|Any CPU
		{44A19701-F5C7-4B1E-854F-755729371750}.Release|Any CPU.ActiveCfg = Release|Any CPU
		{44A19701-F5C7-4B1E-854F-755729371750}.Release|Any CPU.Build.0 = Release|Any CPU
		{B98FE59C-725F-4E16-B1E1-2B3041D7056B}.Debug|Any CPU.ActiveCfg = Debug|Any CPU
		{B98FE59C-725F-4E16-B1E1-2B3041D7056B}.Debug|Any CPU.Build.0 = Debug|Any CPU
		{B98FE59C-725F-4E16-B1E1-2B3041D7056B}.Release|Any CPU.ActiveCfg = Release|Any CPU
		{B98FE59C-725F-4E16-B1E1-2B3041D7056B}.Release|Any CPU.Build.0 = Release|Any CPU
		{37ADD06C-A7B5-4C6C-8109-121D198B39A7}.Debug|Any CPU.ActiveCfg = Debug|Any CPU
		{37ADD06C-A7B5-4C6C-8109-121D198B39A7}.Debug|Any CPU.Build.0 = Debug|Any CPU
		{37ADD06C-A7B5-4C6C-8109-121D198B39A7}.Release|Any CPU.ActiveCfg = Release|Any CPU
		{37ADD06C-A7B5-4C6C-8109-121D198B39A7}.Release|Any CPU.Build.0 = Release|Any CPU
		{33311934-D52F-4345-83E1-ACEBA05A820A}.Debug|Any CPU.ActiveCfg = Debug|Any CPU
		{33311934-D52F-4345-83E1-ACEBA05A820A}.Debug|Any CPU.Build.0 = Debug|Any CPU
		{33311934-D52F-4345-83E1-ACEBA05A820A}.Release|Any CPU.ActiveCfg = Release|Any CPU
		{33311934-D52F-4345-83E1-ACEBA05A820A}.Release|Any CPU.Build.0 = Release|Any CPU
		{C75F8DDD-F11E-4160-8E53-F3E7A367BC08}.Debug|Any CPU.ActiveCfg = Debug|Any CPU
		{C75F8DDD-F11E-4160-8E53-F3E7A367BC08}.Debug|Any CPU.Build.0 = Debug|Any CPU
		{C75F8DDD-F11E-4160-8E53-F3E7A367BC08}.Release|Any CPU.ActiveCfg = Release|Any CPU
		{C75F8DDD-F11E-4160-8E53-F3E7A367BC08}.Release|Any CPU.Build.0 = Release|Any CPU
		{5CDE0F2B-4ED9-4356-805B-3D8CE535D528}.Debug|Any CPU.ActiveCfg = Debug|Any CPU
		{5CDE0F2B-4ED9-4356-805B-3D8CE535D528}.Debug|Any CPU.Build.0 = Debug|Any CPU
		{5CDE0F2B-4ED9-4356-805B-3D8CE535D528}.Release|Any CPU.ActiveCfg = Release|Any CPU
		{5CDE0F2B-4ED9-4356-805B-3D8CE535D528}.Release|Any CPU.Build.0 = Release|Any CPU
	EndGlobalSection
	GlobalSection(SolutionProperties) = preSolution
		HideSolutionNode = FALSE
	EndGlobalSection
	GlobalSection(ExtensibilityGlobals) = postSolution
		SolutionGuid = {6EE0F08C-F6D4-4447-858A-02D6D1129CD1}
	EndGlobalSection
EndGlobal
